
Microsoft Visual Studio Solution File, Format Version 12.00
# Visual Studio 15
Project("{FAE04EC0-301F-11D3-BF4B-00C04F79EFBC}") = "Unity.Timeline", "Unity.Timeline.csproj", "{FD687CAE-E449-5507-9A1A-337929E0BDAA}"
EndProject
Project("{FAE04EC0-301F-11D3-BF4B-00C04F79EFBC}") = "Unity.ShaderGraph.Editor", "Unity.ShaderGraph.Editor.csproj", "{D7712431-9E3C-6095-E7ED-7187BA7D5247}"
EndProject
Project("{FAE04EC0-301F-11D3-BF4B-00C04F79EFBC}") = "Unity.RenderPipelines.GPUDriven.Runtime", "Unity.RenderPipelines.GPUDriven.Runtime.csproj", "{9E0E1BAF-4455-B1EE-85C0-B226A2BD7283}"
EndProject
Project("{FAE04EC0-301F-11D3-BF4B-00C04F79EFBC}") = "Unity.PlasticSCM.Editor", "Unity.PlasticSCM.Editor.csproj", "{4CF1E69E-3A0D-AC52-01E2-2435BD774FBA}"
EndProject
Project("{FAE04EC0-301F-11D3-BF4B-00C04F79EFBC}") = "Unity.RenderPipelines.Universal.Runtime", "Unity.RenderPipelines.Universal.Runtime.csproj", "{9BF505F7-1F94-9B5D-983D-05798B5CA3D9}"
EndProject
Project("{FAE04EC0-301F-11D3-BF4B-00C04F79EFBC}") = "Unity.Timeline.Editor", "Unity.Timeline.Editor.csproj", "{91C3D6D7-F570-848D-4C82-537E8C40FD39}"
EndProject
Project("{FAE04EC0-301F-11D3-BF4B-00C04F79EFBC}") = "Unity.RenderPipelines.Core.Runtime", "Unity.RenderPipelines.Core.Runtime.csproj", "{9A53A1D3-A181-8472-B329-3CFAF5B81500}"
EndProject
Project("{FAE04EC0-301F-11D3-BF4B-00C04F79EFBC}") = "Unity.Multiplayer.Center.Editor", "Unity.Multiplayer.Center.Editor.csproj", "{70E4A35A-1BB8-A6DA-D126-CB742D3C3BAD}"
EndProject
Project("{FAE04EC0-301F-11D3-BF4B-00C04F79EFBC}") = "Unity.Mathematics", "Unity.Mathematics.csproj", "{A1E10AD0-FA3B-B208-56B6-8A7F9BEA8164}"
EndProject
Project("{FAE04EC0-301F-11D3-BF4B-00C04F79EFBC}") = "Unity.RenderPipelines.Core.Editor", "Unity.RenderPipelines.Core.Editor.csproj", "{133088FB-15BD-D263-07A5-16BC9615D347}"
EndProject
Project("{FAE04EC0-301F-11D3-BF4B-00C04F79EFBC}") = "Unity.Collections", "Unity.Collections.csproj", "{80306CD6-5988-90C7-9D90-9E7D4884C498}"
EndProject
Project("{FAE04EC0-301F-11D3-BF4B-00C04F79EFBC}") = "UnityEngine.UI", "UnityEngine.UI.csproj", "{F032F54A-F392-D1C5-10FB-C060C7B20D81}"
EndProject
Project("{FAE04EC0-301F-11D3-BF4B-00C04F79EFBC}") = "UnityEditor.TestRunner", "UnityEditor.TestRunner.csproj", "{459C1F00-28A8-EE33-99E6-0E4BE65AD2B3}"
EndProject
Project("{FAE04EC0-301F-11D3-BF4B-00C04F79EFBC}") = "Unity.RenderPipelines.Universal.2D.Runtime", "Unity.RenderPipelines.Universal.2D.Runtime.csproj", "{A26C7B8F-7366-143E-4D6D-B8A32ADDC0C7}"
EndProject
Project("{FAE04EC0-301F-11D3-BF4B-00C04F79EFBC}") = "Unity.RenderPipelines.Universal.Editor", "Unity.RenderPipelines.Universal.Editor.csproj", "{C7CF8A58-8521-04CE-6F58-42F356904251}"
EndProject
Project("{FAE04EC0-301F-11D3-BF4B-00C04F79EFBC}") = "Unity.PerformanceTesting.Editor", "Unity.PerformanceTesting.Editor.csproj", "{1BCDBBD4-AC73-A657-AD6F-CDB6831EF716}"
EndProject
Project("{FAE04EC0-301F-11D3-BF4B-00C04F79EFBC}") = "UnityEngine.TestRunner", "UnityEngine.TestRunner.csproj", "{932FAFBF-AC82-7370-98B5-AE625DA8153C}"
EndProject
Project("{FAE04EC0-301F-11D3-BF4B-00C04F79EFBC}") = "Unity.Searcher.Editor", "Unity.Searcher.Editor.csproj", "{C727CD05-3725-22C9-49AC-EE58558DD426}"
EndProject
Project("{FAE04EC0-301F-11D3-BF4B-00C04F79EFBC}") = "Unity.Burst", "Unity.Burst.csproj", "{B70BAF0A-C14C-8213-10C2-CFC863BB0EC3}"
EndProject
Project("{FAE04EC0-301F-11D3-BF4B-00C04F79EFBC}") = "Unity.AI.Navigation.Editor", "Unity.AI.Navigation.Editor.csproj", "{E3A965DE-2F2F-502A-1AFD-EC389A803364}"
EndProject
Project("{FAE04EC0-301F-11D3-BF4B-00C04F79EFBC}") = "Unity.VisualStudio.Editor", "Unity.VisualStudio.Editor.csproj", "{B52FFED6-C1F5-29FA-C241-9A8134D698A4}"
EndProject
Project("{FAE04EC0-301F-11D3-BF4B-00C04F79EFBC}") = "PPv2URPConverters", "PPv2URPConverters.csproj", "{757BD63F-DB94-1BC3-B4B8-FC3519BB5DAF}"
EndProject
Project("{FAE04EC0-301F-11D3-BF4B-00C04F79EFBC}") = "Unity.RenderPipelines.Core.Runtime.Shared", "Unity.RenderPipelines.Core.Runtime.Shared.csproj", "{C452ECBE-764B-E6F3-E7A7-53222B92477C}"
EndProject
Project("{FAE04EC0-301F-11D3-BF4B-00C04F79EFBC}") = "Unity.TextMeshPro.Editor", "Unity.TextMeshPro.Editor.csproj", "{E4AF5653-C9F7-2DE4-BD22-1B671D9A68B9}"
EndProject
Project("{FAE04EC0-301F-11D3-BF4B-00C04F79EFBC}") = "Unity.Rider.Editor", "Unity.Rider.Editor.csproj", "{1FB9ECBA-7EBF-B5BD-EDD5-552C1C424DE4}"
EndProject
Project("{FAE04EC0-301F-11D3-BF4B-00C04F79EFBC}") = "Assembly-CSharp", "Assembly-CSharp.csproj", "{741A3B9C-131E-BBC6-A2A2-5735B1127382}"
EndProject
Project("{FAE04EC0-301F-11D3-BF4B-00C04F79EFBC}") = "Unity.CollabProxy.Editor", "Unity.CollabProxy.Editor.csproj", "{CEDDEF46-6BCB-0965-FE67-EF4237819768}"
EndProject
Project("{FAE04EC0-301F-11D3-BF4B-00C04F79EFBC}") = "Unity.AI.Navigation.Editor.ConversionSystem", "Unity.AI.Navigation.Editor.ConversionSystem.csproj", "{6708ED28-D3DB-F04B-B420-4D3D0B7029C8}"
EndProject
Project("{FAE04EC0-301F-11D3-BF4B-00C04F79EFBC}") = "Unity.Burst.CodeGen", "Unity.Burst.CodeGen.csproj", "{68117B96-30CD-5DE9-2FB3-E03FA6161F84}"
EndProject
Project("{FAE04EC0-301F-11D3-BF4B-00C04F79EFBC}") = "Unity.RenderPipeline.Universal.ShaderLibrary", "Unity.RenderPipeline.Universal.ShaderLibrary.csproj", "{51E45FAB-AEBE-F64E-22AC-FE11E07F2D7A}"
EndProject
Project("{FAE04EC0-301F-11D3-BF4B-00C04F79EFBC}") = "Unity.PerformanceTesting", "Unity.PerformanceTesting.csproj", "{0F1C13A8-1EBD-F2AF-0C60-5114AC459E96}"
EndProject
Project("{FAE04EC0-301F-11D3-BF4B-00C04F79EFBC}") = "Unity.AI.Navigation", "Unity.AI.Navigation.csproj", "{9C862DE5-D22B-A225-544E-BFC2143F6BF9}"
EndProject
Project("{FAE04EC0-301F-11D3-BF4B-00C04F79EFBC}") = "UnityEditor.UI", "UnityEditor.UI.csproj", "{71EF9270-09E1-783D-D53A-697E333E51E9}"
EndProject
Project("{FAE04EC0-301F-11D3-BF4B-00C04F79EFBC}") = "Unity.TextMeshPro", "Unity.TextMeshPro.csproj", "{73462D21-689B-5BE3-2E2A-D0829B416ADB}"
EndProject
Project("{FAE04EC0-301F-11D3-BF4B-00C04F79EFBC}") = "Unity.Rendering.LightTransport.Runtime", "Unity.Rendering.LightTransport.Runtime.csproj", "{A3B65F48-E09A-4057-D201-A9E4C8949985}"
EndProject
Project("{FAE04EC0-301F-11D3-BF4B-00C04F79EFBC}") = "Unity.Burst.Editor", "Unity.Burst.Editor.csproj", "{450C2F5C-B42C-E381-371F-D942680D8B49}"
EndProject
Project("{FAE04EC0-301F-11D3-BF4B-00C04F79EFBC}") = "Unity.Sysroot.Linux_x86_64", "Unity.Sysroot.Linux_x86_64.csproj", "{B8C94F66-A76B-AADF-B0CF-3885ABDF3DCF}"
EndProject
Project("{FAE04EC0-301F-11D3-BF4B-00C04F79EFBC}") = "Unity.AI.Navigation.Updater", "Unity.AI.Navigation.Updater.csproj", "{63E5BA3D-5717-6B41-0FE3-0BFFD4BE3209}"
EndProject
Project("{FAE04EC0-301F-11D3-BF4B-00C04F79EFBC}") = "Assembly-CSharp-firstpass", "Assembly-CSharp-firstpass.csproj", "{08DA262E-C414-8ACD-6612-89843B9CD130}"
EndProject
Project("{FAE04EC0-301F-11D3-BF4B-00C04F79EFBC}") = "Unity.2D.Sprite.Editor", "Unity.2D.Sprite.Editor.csproj", "{619110DD-150C-83CF-DCE5-5DC364F895DB}"
EndProject
Project("{FAE04EC0-301F-11D3-BF4B-00C04F79EFBC}") = "Unity.Multiplayer.Center.Common", "Unity.Multiplayer.Center.Common.csproj", "{80735769-75C2-8038-74C2-B2F2DCF58416}"
EndProject
Project("{FAE04EC0-301F-11D3-BF4B-00C04F79EFBC}") = "Unity.Collections.CodeGen", "Unity.Collections.CodeGen.csproj", "{9CF4B5C9-AE1F-4893-828F-D8672EB96149}"
EndProject
Project("{FAE04EC0-301F-11D3-BF4B-00C04F79EFBC}") = "Unity.Mathematics.Editor", "Unity.Mathematics.Editor.csproj", "{605F3952-D0AD-8F1B-D502-083D211C9A31}"
EndProject
Project("{FAE04EC0-301F-11D3-BF4B-00C04F79EFBC}") = "Unity.SysrootPackage.Editor", "Unity.SysrootPackage.Editor.csproj", "{AFF6EFAF-9D98-CC1D-290F-F6EA22242CA0}"
EndProject
Project("{FAE04EC0-301F-11D3-BF4B-00C04F79EFBC}") = "Unity.ShaderGraph.Utilities", "Unity.ShaderGraph.Utilities.csproj", "{59DAD659-9A73-C75A-CF7A-52B2327E8D14}"
EndProject
Project("{FAE04EC0-301F-11D3-BF4B-00C04F79EFBC}") = "Assembly-CSharp-Editor", "Assembly-CSharp-Editor.csproj", "{C6421E8C-10C5-C4D5-C4C3-49E3BF1D30CF}"
EndProject
Project("{FAE04EC0-301F-11D3-BF4B-00C04F79EFBC}") = "Unity.Toolchain.Win-x86_64-Linux-x86_64", "Unity.Toolchain.Win-x86_64-Linux-x86_64.csproj", "{E7560314-7C7A-AED7-0D01-71182B4ABDC7}"
EndProject
Project("{FAE04EC0-301F-11D3-BF4B-00C04F79EFBC}") = "Unity.Rendering.LightTransport.Editor", "Unity.Rendering.LightTransport.Editor.csproj", "{BF0974F6-2592-7F00-301E-72A740204C96}"
EndProject
Project("{FAE04EC0-301F-11D3-BF4B-00C04F79EFBC}") = "Assembly-CSharp-Editor-firstpass", "Assembly-CSharp-Editor-firstpass.csproj", "{57F9045C-0CF8-2C8E-980D-773D3649F495}"
EndProject
Project("{FAE04EC0-301F-11D3-BF4B-00C04F79EFBC}") = "Unity.Collections.Editor", "Unity.Collections.Editor.csproj", "{A140C033-21FF-39C1-03C9-FE48EF391368}"
EndProject
Project("{FAE04EC0-301F-11D3-BF4B-00C04F79EFBC}") = "Unity.RenderPipelines.Universal.Config.Runtime", "Unity.RenderPipelines.Universal.Config.Runtime.csproj", "{E9F0E467-9215-5A55-CD14-0DBC049882DB}"
EndProject
Project("{FAE04EC0-301F-11D3-BF4B-00C04F79EFBC}") = "Unity.RenderPipelines.ShaderGraph.ShaderGraphLibrary", "Unity.RenderPipelines.ShaderGraph.ShaderGraphLibrary.csproj", "{D4741FAD-8C98-B5EE-E4AD-DBC923D0CCAC}"
EndProject
Project("{FAE04EC0-301F-11D3-BF4B-00C04F79EFBC}") = "Unity.RenderPipelines.Core.ShaderLibrary", "Unity.RenderPipelines.Core.ShaderLibrary.csproj", "{40EB1B8B-5BA4-A5E4-BA58-704B408B3D30}"
EndProject
Project("{FAE04EC0-301F-11D3-BF4B-00C04F79EFBC}") = "Unity.RenderPipelines.Core.Editor.Shared", "Unity.RenderPipelines.Core.Editor.Shared.csproj", "{FABD40A5-B027-D8A3-3623-E55E27CCA535}"
EndProject
Project("{FAE04EC0-301F-11D3-BF4B-00C04F79EFBC}") = "Sirenix.OdinInspector.Modules.UnityMathematics", "Sirenix.OdinInspector.Modules.UnityMathematics.csproj", "{F5430AD8-6014-7F8F-965F-6E2762C37E9D}"
EndProject
Project("{FAE04EC0-301F-11D3-BF4B-00C04F79EFBC}") = "Unity.RenderPipelines.Universal.Shaders", "Unity.RenderPipelines.Universal.Shaders.csproj", "{E815FD01-EC6F-9DEB-3119-7495D772C038}"
EndProject
Project("{FAE04EC0-301F-11D3-BF4B-00C04F79EFBC}") = "Unity.Timeline", "Unity.Timeline.Player.csproj", "{4D6404CE-90EC-B234-16CF-2A118546A48C}"
EndProject
Project("{FAE04EC0-301F-11D3-BF4B-00C04F79EFBC}") = "Unity.RenderPipelines.GPUDriven.Runtime", "Unity.RenderPipelines.GPUDriven.Runtime.Player.csproj", "{871606B3-BB33-33BC-9BD0-98FF6031F9C5}"
EndProject
Project("{FAE04EC0-301F-11D3-BF4B-00C04F79EFBC}") = "Unity.RenderPipelines.Universal.Runtime", "Unity.RenderPipelines.Universal.Runtime.Player.csproj", "{87B5EBAF-E153-9F18-A699-75AE15771BC2}"
EndProject
Project("{FAE04EC0-301F-11D3-BF4B-00C04F79EFBC}") = "Unity.RenderPipelines.Core.Runtime", "Unity.RenderPipelines.Core.Runtime.Player.csproj", "{1E11FEE6-6AF4-0658-0C3A-006DB5670424}"
EndProject
Project("{FAE04EC0-301F-11D3-BF4B-00C04F79EFBC}") = "Unity.Mathematics", "Unity.Mathematics.Player.csproj", "{293873E9-263A-84C8-9A47-F79367948BB0}"
EndProject
Project("{FAE04EC0-301F-11D3-BF4B-00C04F79EFBC}") = "Unity.Collections", "Unity.Collections.Player.csproj", "{BF7A9C86-0B94-A7A7-D1C0-CAB8FAAEE8C7}"
EndProject
Project("{FAE04EC0-301F-11D3-BF4B-00C04F79EFBC}") = "UnityEngine.UI", "UnityEngine.UI.Player.csproj", "{23552DD4-4687-A713-AC61-CD63BA498E53}"
EndProject
Project("{FAE04EC0-301F-11D3-BF4B-00C04F79EFBC}") = "Unity.RenderPipelines.Universal.2D.Runtime", "Unity.RenderPipelines.Universal.2D.Runtime.Player.csproj", "{36360CD0-8351-501D-CB94-91471749A7EB}"
EndProject
Project("{FAE04EC0-301F-11D3-BF4B-00C04F79EFBC}") = "UnityEngine.TestRunner", "UnityEngine.TestRunner.Player.csproj", "{F3B46293-6281-DE51-0E1F-3601A95B8EF0}"
EndProject
Project("{FAE04EC0-301F-11D3-BF4B-00C04F79EFBC}") = "Unity.Burst", "Unity.Burst.Player.csproj", "{33C3F3D5-9C91-23C4-716F-89E04ABD7032}"
EndProject
Project("{FAE04EC0-301F-11D3-BF4B-00C04F79EFBC}") = "Unity.RenderPipelines.Core.Runtime.Shared", "Unity.RenderPipelines.Core.Runtime.Shared.Player.csproj", "{498CFCDB-2ACC-8A73-70E3-CD15B71F621A}"
EndProject
Project("{FAE04EC0-301F-11D3-BF4B-00C04F79EFBC}") = "Assembly-CSharp", "Assembly-CSharp.Player.csproj", "{5DC39CCC-662D-FE12-4FFE-DAC58D2C493B}"
EndProject
Project("{FAE04EC0-301F-11D3-BF4B-00C04F79EFBC}") = "Unity.RenderPipeline.Universal.ShaderLibrary", "Unity.RenderPipeline.Universal.ShaderLibrary.Player.csproj", "{CAD3D23A-02B7-3C28-10ED-6A205C6242E5}"
EndProject
Project("{FAE04EC0-301F-11D3-BF4B-00C04F79EFBC}") = "Unity.PerformanceTesting", "Unity.PerformanceTesting.Player.csproj", "{7F1E92EF-1368-608F-51FB-78DF9496627D}"
EndProject
Project("{FAE04EC0-301F-11D3-BF4B-00C04F79EFBC}") = "Unity.AI.Navigation", "Unity.AI.Navigation.Player.csproj", "{A463CAAA-B4CB-A624-5B3D-0035739F7A87}"
EndProject
Project("{FAE04EC0-301F-11D3-BF4B-00C04F79EFBC}") = "Unity.TextMeshPro", "Unity.TextMeshPro.Player.csproj", "{F5DD438C-D6A4-8241-7CC8-14188C7B3919}"
EndProject
Project("{FAE04EC0-301F-11D3-BF4B-00C04F79EFBC}") = "Unity.Rendering.LightTransport.Runtime", "Unity.Rendering.LightTransport.Runtime.Player.csproj", "{12BC8B22-F1EB-9700-913B-C37F7DED969C}"
EndProject
Project("{FAE04EC0-301F-11D3-BF4B-00C04F79EFBC}") = "Assembly-CSharp-firstpass", "Assembly-CSharp-firstpass.Player.csproj", "{CE50B7D1-03CF-68BE-1895-607D9B7C8E8B}"
EndProject
Project("{FAE04EC0-301F-11D3-BF4B-00C04F79EFBC}") = "Unity.Multiplayer.Center.Common", "Unity.Multiplayer.Center.Common.Player.csproj", "{6BEDC5BC-94E2-9A6A-107D-AE8A158A917D}"
EndProject
Project("{FAE04EC0-301F-11D3-BF4B-00C04F79EFBC}") = "Unity.RenderPipelines.Universal.Config.Runtime", "Unity.RenderPipelines.Universal.Config.Runtime.Player.csproj", "{AC0848CD-DFF4-6D44-719F-029177F10238}"
EndProject
Project("{FAE04EC0-301F-11D3-BF4B-00C04F79EFBC}") = "Unity.RenderPipelines.ShaderGraph.ShaderGraphLibrary", "Unity.RenderPipelines.ShaderGraph.ShaderGraphLibrary.Player.csproj", "{303AC40D-97F7-9D73-A1E8-4C2C4B8FFBCA}"
EndProject
Project("{FAE04EC0-301F-11D3-BF4B-00C04F79EFBC}") = "Unity.RenderPipelines.Core.ShaderLibrary", "Unity.RenderPipelines.Core.ShaderLibrary.Player.csproj", "{5DBC89B9-4A19-78FE-2BFC-3D6ACBB12E0E}"
EndProject
Project("{FAE04EC0-301F-11D3-BF4B-00C04F79EFBC}") = "Unity.RenderPipelines.Universal.Shaders", "Unity.RenderPipelines.Universal.Shaders.Player.csproj", "{720C848B-E576-277C-EE9C-38489D74B1C3}"
EndProject
Global
	GlobalSection(SolutionConfigurationPlatforms) = preSolution
		Debug|Any CPU = Debug|Any CPU
		Release|Any CPU = Release|Any CPU
	EndGlobalSection
	GlobalSection(ProjectConfigurationPlatforms) = postSolution
		{FD687CAE-E449-5507-9A1A-337929E0BDAA}.Debug|Any CPU.ActiveCfg = Debug|Any CPU
		{FD687CAE-E449-5507-9A1A-337929E0BDAA}.Debug|Any CPU.Build.0 = Debug|Any CPU
		{FD687CAE-E449-5507-9A1A-337929E0BDAA}.Release|Any CPU.ActiveCfg = Release|Any CPU
		{FD687CAE-E449-5507-9A1A-337929E0BDAA}.Release|Any CPU.Build.0 = Release|Any CPU
		{D7712431-9E3C-6095-E7ED-7187BA7D5247}.Debug|Any CPU.ActiveCfg = Debug|Any CPU
		{D7712431-9E3C-6095-E7ED-7187BA7D5247}.Debug|Any CPU.Build.0 = Debug|Any CPU
		{D7712431-9E3C-6095-E7ED-7187BA7D5247}.Release|Any CPU.ActiveCfg = Release|Any CPU
		{D7712431-9E3C-6095-E7ED-7187BA7D5247}.Release|Any CPU.Build.0 = Release|Any CPU
		{9E0E1BAF-4455-B1EE-85C0-B226A2BD7283}.Debug|Any CPU.ActiveCfg = Debug|Any CPU
		{9E0E1BAF-4455-B1EE-85C0-B226A2BD7283}.Debug|Any CPU.Build.0 = Debug|Any CPU
		{9E0E1BAF-4455-B1EE-85C0-B226A2BD7283}.Release|Any CPU.ActiveCfg = Release|Any CPU
		{9E0E1BAF-4455-B1EE-85C0-B226A2BD7283}.Release|Any CPU.Build.0 = Release|Any CPU
		{4CF1E69E-3A0D-AC52-01E2-2435BD774FBA}.Debug|Any CPU.ActiveCfg = Debug|Any CPU
		{4CF1E69E-3A0D-AC52-01E2-2435BD774FBA}.Debug|Any CPU.Build.0 = Debug|Any CPU
		{4CF1E69E-3A0D-AC52-01E2-2435BD774FBA}.Release|Any CPU.ActiveCfg = Release|Any CPU
		{4CF1E69E-3A0D-AC52-01E2-2435BD774FBA}.Release|Any CPU.Build.0 = Release|Any CPU
		{9BF505F7-1F94-9B5D-983D-05798B5CA3D9}.Debug|Any CPU.ActiveCfg = Debug|Any CPU
		{9BF505F7-1F94-9B5D-983D-05798B5CA3D9}.Debug|Any CPU.Build.0 = Debug|Any CPU
		{9BF505F7-1F94-9B5D-983D-05798B5CA3D9}.Release|Any CPU.ActiveCfg = Release|Any CPU
		{9BF505F7-1F94-9B5D-983D-05798B5CA3D9}.Release|Any CPU.Build.0 = Release|Any CPU
		{91C3D6D7-F570-848D-4C82-537E8C40FD39}.Debug|Any CPU.ActiveCfg = Debug|Any CPU
		{91C3D6D7-F570-848D-4C82-537E8C40FD39}.Debug|Any CPU.Build.0 = Debug|Any CPU
		{91C3D6D7-F570-848D-4C82-537E8C40FD39}.Release|Any CPU.ActiveCfg = Release|Any CPU
		{91C3D6D7-F570-848D-4C82-537E8C40FD39}.Release|Any CPU.Build.0 = Release|Any CPU
		{9A53A1D3-A181-8472-B329-3CFAF5B81500}.Debug|Any CPU.ActiveCfg = Debug|Any CPU
		{9A53A1D3-A181-8472-B329-3CFAF5B81500}.Debug|Any CPU.Build.0 = Debug|Any CPU
		{9A53A1D3-A181-8472-B329-3CFAF5B81500}.Release|Any CPU.ActiveCfg = Release|Any CPU
		{9A53A1D3-A181-8472-B329-3CFAF5B81500}.Release|Any CPU.Build.0 = Release|Any CPU
		{70E4A35A-1BB8-A6DA-D126-CB742D3C3BAD}.Debug|Any CPU.ActiveCfg = Debug|Any CPU
		{70E4A35A-1BB8-A6DA-D126-CB742D3C3BAD}.Debug|Any CPU.Build.0 = Debug|Any CPU
		{70E4A35A-1BB8-A6DA-D126-CB742D3C3BAD}.Release|Any CPU.ActiveCfg = Release|Any CPU
		{70E4A35A-1BB8-A6DA-D126-CB742D3C3BAD}.Release|Any CPU.Build.0 = Release|Any CPU
		{A1E10AD0-FA3B-B208-56B6-8A7F9BEA8164}.Debug|Any CPU.ActiveCfg = Debug|Any CPU
		{A1E10AD0-FA3B-B208-56B6-8A7F9BEA8164}.Debug|Any CPU.Build.0 = Debug|Any CPU
		{A1E10AD0-FA3B-B208-56B6-8A7F9BEA8164}.Release|Any CPU.ActiveCfg = Release|Any CPU
		{A1E10AD0-FA3B-B208-56B6-8A7F9BEA8164}.Release|Any CPU.Build.0 = Release|Any CPU
		{133088FB-15BD-D263-07A5-16BC9615D347}.Debug|Any CPU.ActiveCfg = Debug|Any CPU
		{133088FB-15BD-D263-07A5-16BC9615D347}.Debug|Any CPU.Build.0 = Debug|Any CPU
		{133088FB-15BD-D263-07A5-16BC9615D347}.Release|Any CPU.ActiveCfg = Release|Any CPU
		{133088FB-15BD-D263-07A5-16BC9615D347}.Release|Any CPU.Build.0 = Release|Any CPU
		{80306CD6-5988-90C7-9D90-9E7D4884C498}.Debug|Any CPU.ActiveCfg = Debug|Any CPU
		{80306CD6-5988-90C7-9D90-9E7D4884C498}.Debug|Any CPU.Build.0 = Debug|Any CPU
		{80306CD6-5988-90C7-9D90-9E7D4884C498}.Release|Any CPU.ActiveCfg = Release|Any CPU
		{80306CD6-5988-90C7-9D90-9E7D4884C498}.Release|Any CPU.Build.0 = Release|Any CPU
		{F032F54A-F392-D1C5-10FB-C060C7B20D81}.Debug|Any CPU.ActiveCfg = Debug|Any CPU
		{F032F54A-F392-D1C5-10FB-C060C7B20D81}.Debug|Any CPU.Build.0 = Debug|Any CPU
		{F032F54A-F392-D1C5-10FB-C060C7B20D81}.Release|Any CPU.ActiveCfg = Release|Any CPU
		{F032F54A-F392-D1C5-10FB-C060C7B20D81}.Release|Any CPU.Build.0 = Release|Any CPU
		{459C1F00-28A8-EE33-99E6-0E4BE65AD2B3}.Debug|Any CPU.ActiveCfg = Debug|Any CPU
		{459C1F00-28A8-EE33-99E6-0E4BE65AD2B3}.Debug|Any CPU.Build.0 = Debug|Any CPU
		{459C1F00-28A8-EE33-99E6-0E4BE65AD2B3}.Release|Any CPU.ActiveCfg = Release|Any CPU
		{459C1F00-28A8-EE33-99E6-0E4BE65AD2B3}.Release|Any CPU.Build.0 = Release|Any CPU
		{A26C7B8F-7366-143E-4D6D-B8A32ADDC0C7}.Debug|Any CPU.ActiveCfg = Debug|Any CPU
		{A26C7B8F-7366-143E-4D6D-B8A32ADDC0C7}.Debug|Any CPU.Build.0 = Debug|Any CPU
		{A26C7B8F-7366-143E-4D6D-B8A32ADDC0C7}.Release|Any CPU.ActiveCfg = Release|Any CPU
		{A26C7B8F-7366-143E-4D6D-B8A32ADDC0C7}.Release|Any CPU.Build.0 = Release|Any CPU
		{C7CF8A58-8521-04CE-6F58-42F356904251}.Debug|Any CPU.ActiveCfg = Debug|Any CPU
		{C7CF8A58-8521-04CE-6F58-42F356904251}.Debug|Any CPU.Build.0 = Debug|Any CPU
		{C7CF8A58-8521-04CE-6F58-42F356904251}.Release|Any CPU.ActiveCfg = Release|Any CPU
		{C7CF8A58-8521-04CE-6F58-42F356904251}.Release|Any CPU.Build.0 = Release|Any CPU
		{1BCDBBD4-AC73-A657-AD6F-CDB6831EF716}.Debug|Any CPU.ActiveCfg = Debug|Any CPU
		{1BCDBBD4-AC73-A657-AD6F-CDB6831EF716}.Debug|Any CPU.Build.0 = Debug|Any CPU
		{1BCDBBD4-AC73-A657-AD6F-CDB6831EF716}.Release|Any CPU.ActiveCfg = Release|Any CPU
		{1BCDBBD4-AC73-A657-AD6F-CDB6831EF716}.Release|Any CPU.Build.0 = Release|Any CPU
		{932FAFBF-AC82-7370-98B5-AE625DA8153C}.Debug|Any CPU.ActiveCfg = Debug|Any CPU
		{932FAFBF-AC82-7370-98B5-AE625DA8153C}.Debug|Any CPU.Build.0 = Debug|Any CPU
		{932FAFBF-AC82-7370-98B5-AE625DA8153C}.Release|Any CPU.ActiveCfg = Release|Any CPU
		{932FAFBF-AC82-7370-98B5-AE625DA8153C}.Release|Any CPU.Build.0 = Release|Any CPU
		{C727CD05-3725-22C9-49AC-EE58558DD426}.Debug|Any CPU.ActiveCfg = Debug|Any CPU
		{C727CD05-3725-22C9-49AC-EE58558DD426}.Debug|Any CPU.Build.0 = Debug|Any CPU
		{C727CD05-3725-22C9-49AC-EE58558DD426}.Release|Any CPU.ActiveCfg = Release|Any CPU
		{C727CD05-3725-22C9-49AC-EE58558DD426}.Release|Any CPU.Build.0 = Release|Any CPU
		{B70BAF0A-C14C-8213-10C2-CFC863BB0EC3}.Debug|Any CPU.ActiveCfg = Debug|Any CPU
		{B70BAF0A-C14C-8213-10C2-CFC863BB0EC3}.Debug|Any CPU.Build.0 = Debug|Any CPU
		{B70BAF0A-C14C-8213-10C2-CFC863BB0EC3}.Release|Any CPU.ActiveCfg = Release|Any CPU
		{B70BAF0A-C14C-8213-10C2-CFC863BB0EC3}.Release|Any CPU.Build.0 = Release|Any CPU
		{E3A965DE-2F2F-502A-1AFD-EC389A803364}.Debug|Any CPU.ActiveCfg = Debug|Any CPU
		{E3A965DE-2F2F-502A-1AFD-EC389A803364}.Debug|Any CPU.Build.0 = Debug|Any CPU
		{E3A965DE-2F2F-502A-1AFD-EC389A803364}.Release|Any CPU.ActiveCfg = Release|Any CPU
		{E3A965DE-2F2F-502A-1AFD-EC389A803364}.Release|Any CPU.Build.0 = Release|Any CPU
		{B52FFED6-C1F5-29FA-C241-9A8134D698A4}.Debug|Any CPU.ActiveCfg = Debug|Any CPU
		{B52FFED6-C1F5-29FA-C241-9A8134D698A4}.Debug|Any CPU.Build.0 = Debug|Any CPU
		{B52FFED6-C1F5-29FA-C241-9A8134D698A4}.Release|Any CPU.ActiveCfg = Release|Any CPU
		{B52FFED6-C1F5-29FA-C241-9A8134D698A4}.Release|Any CPU.Build.0 = Release|Any CPU
		{757BD63F-DB94-1BC3-B4B8-FC3519BB5DAF}.Debug|Any CPU.ActiveCfg = Debug|Any CPU
		{757BD63F-DB94-1BC3-B4B8-FC3519BB5DAF}.Debug|Any CPU.Build.0 = Debug|Any CPU
		{757BD63F-DB94-1BC3-B4B8-FC3519BB5DAF}.Release|Any CPU.ActiveCfg = Release|Any CPU
		{757BD63F-DB94-1BC3-B4B8-FC3519BB5DAF}.Release|Any CPU.Build.0 = Release|Any CPU
		{C452ECBE-764B-E6F3-E7A7-53222B92477C}.Debug|Any CPU.ActiveCfg = Debug|Any CPU
		{C452ECBE-764B-E6F3-E7A7-53222B92477C}.Debug|Any CPU.Build.0 = Debug|Any CPU
		{C452ECBE-764B-E6F3-E7A7-53222B92477C}.Release|Any CPU.ActiveCfg = Release|Any CPU
		{C452ECBE-764B-E6F3-E7A7-53222B92477C}.Release|Any CPU.Build.0 = Release|Any CPU
		{E4AF5653-C9F7-2DE4-BD22-1B671D9A68B9}.Debug|Any CPU.ActiveCfg = Debug|Any CPU
		{E4AF5653-C9F7-2DE4-BD22-1B671D9A68B9}.Debug|Any CPU.Build.0 = Debug|Any CPU
		{E4AF5653-C9F7-2DE4-BD22-1B671D9A68B9}.Release|Any CPU.ActiveCfg = Release|Any CPU
		{E4AF5653-C9F7-2DE4-BD22-1B671D9A68B9}.Release|Any CPU.Build.0 = Release|Any CPU
		{1FB9ECBA-7EBF-B5BD-EDD5-552C1C424DE4}.Debug|Any CPU.ActiveCfg = Debug|Any CPU
		{1FB9ECBA-7EBF-B5BD-EDD5-552C1C424DE4}.Debug|Any CPU.Build.0 = Debug|Any CPU
		{1FB9ECBA-7EBF-B5BD-EDD5-552C1C424DE4}.Release|Any CPU.ActiveCfg = Release|Any CPU
		{1FB9ECBA-7EBF-B5BD-EDD5-552C1C424DE4}.Release|Any CPU.Build.0 = Release|Any CPU
		{741A3B9C-131E-BBC6-A2A2-5735B1127382}.Debug|Any CPU.ActiveCfg = Debug|Any CPU
		{741A3B9C-131E-BBC6-A2A2-5735B1127382}.Debug|Any CPU.Build.0 = Debug|Any CPU
		{741A3B9C-131E-BBC6-A2A2-5735B1127382}.Release|Any CPU.ActiveCfg = Release|Any CPU
		{741A3B9C-131E-BBC6-A2A2-5735B1127382}.Release|Any CPU.Build.0 = Release|Any CPU
		{CEDDEF46-6BCB-0965-FE67-EF4237819768}.Debug|Any CPU.ActiveCfg = Debug|Any CPU
		{CEDDEF46-6BCB-0965-FE67-EF4237819768}.Debug|Any CPU.Build.0 = Debug|Any CPU
		{CEDDEF46-6BCB-0965-FE67-EF4237819768}.Release|Any CPU.ActiveCfg = Release|Any CPU
		{CEDDEF46-6BCB-0965-FE67-EF4237819768}.Release|Any CPU.Build.0 = Release|Any CPU
		{6708ED28-D3DB-F04B-B420-4D3D0B7029C8}.Debug|Any CPU.ActiveCfg = Debug|Any CPU
		{6708ED28-D3DB-F04B-B420-4D3D0B7029C8}.Debug|Any CPU.Build.0 = Debug|Any CPU
		{6708ED28-D3DB-F04B-B420-4D3D0B7029C8}.Release|Any CPU.ActiveCfg = Release|Any CPU
		{6708ED28-D3DB-F04B-B420-4D3D0B7029C8}.Release|Any CPU.Build.0 = Release|Any CPU
		{68117B96-30CD-5DE9-2FB3-E03FA6161F84}.Debug|Any CPU.ActiveCfg = Debug|Any CPU
		{68117B96-30CD-5DE9-2FB3-E03FA6161F84}.Debug|Any CPU.Build.0 = Debug|Any CPU
		{68117B96-30CD-5DE9-2FB3-E03FA6161F84}.Release|Any CPU.ActiveCfg = Release|Any CPU
		{68117B96-30CD-5DE9-2FB3-E03FA6161F84}.Release|Any CPU.Build.0 = Release|Any CPU
		{51E45FAB-AEBE-F64E-22AC-FE11E07F2D7A}.Debug|Any CPU.ActiveCfg = Debug|Any CPU
		{51E45FAB-AEBE-F64E-22AC-FE11E07F2D7A}.Debug|Any CPU.Build.0 = Debug|Any CPU
		{51E45FAB-AEBE-F64E-22AC-FE11E07F2D7A}.Release|Any CPU.ActiveCfg = Release|Any CPU
		{51E45FAB-AEBE-F64E-22AC-FE11E07F2D7A}.Release|Any CPU.Build.0 = Release|Any CPU
		{0F1C13A8-1EBD-F2AF-0C60-5114AC459E96}.Debug|Any CPU.ActiveCfg = Debug|Any CPU
		{0F1C13A8-1EBD-F2AF-0C60-5114AC459E96}.Debug|Any CPU.Build.0 = Debug|Any CPU
		{0F1C13A8-1EBD-F2AF-0C60-5114AC459E96}.Release|Any CPU.ActiveCfg = Release|Any CPU
		{0F1C13A8-1EBD-F2AF-0C60-5114AC459E96}.Release|Any CPU.Build.0 = Release|Any CPU
		{9C862DE5-D22B-A225-544E-BFC2143F6BF9}.Debug|Any CPU.ActiveCfg = Debug|Any CPU
		{9C862DE5-D22B-A225-544E-BFC2143F6BF9}.Debug|Any CPU.Build.0 = Debug|Any CPU
		{9C862DE5-D22B-A225-544E-BFC2143F6BF9}.Release|Any CPU.ActiveCfg = Release|Any CPU
		{9C862DE5-D22B-A225-544E-BFC2143F6BF9}.Release|Any CPU.Build.0 = Release|Any CPU
		{71EF9270-09E1-783D-D53A-697E333E51E9}.Debug|Any CPU.ActiveCfg = Debug|Any CPU
		{71EF9270-09E1-783D-D53A-697E333E51E9}.Debug|Any CPU.Build.0 = Debug|Any CPU
		{71EF9270-09E1-783D-D53A-697E333E51E9}.Release|Any CPU.ActiveCfg = Release|Any CPU
		{71EF9270-09E1-783D-D53A-697E333E51E9}.Release|Any CPU.Build.0 = Release|Any CPU
		{73462D21-689B-5BE3-2E2A-D0829B416ADB}.Debug|Any CPU.ActiveCfg = Debug|Any CPU
		{73462D21-689B-5BE3-2E2A-D0829B416ADB}.Debug|Any CPU.Build.0 = Debug|Any CPU
		{73462D21-689B-5BE3-2E2A-D0829B416ADB}.Release|Any CPU.ActiveCfg = Release|Any CPU
		{73462D21-689B-5BE3-2E2A-D0829B416ADB}.Release|Any CPU.Build.0 = Release|Any CPU
		{A3B65F48-E09A-4057-D201-A9E4C8949985}.Debug|Any CPU.ActiveCfg = Debug|Any CPU
		{A3B65F48-E09A-4057-D201-A9E4C8949985}.Debug|Any CPU.Build.0 = Debug|Any CPU
		{A3B65F48-E09A-4057-D201-A9E4C8949985}.Release|Any CPU.ActiveCfg = Release|Any CPU
		{A3B65F48-E09A-4057-D201-A9E4C8949985}.Release|Any CPU.Build.0 = Release|Any CPU
		{450C2F5C-B42C-E381-371F-D942680D8B49}.Debug|Any CPU.ActiveCfg = Debug|Any CPU
		{450C2F5C-B42C-E381-371F-D942680D8B49}.Debug|Any CPU.Build.0 = Debug|Any CPU
		{450C2F5C-B42C-E381-371F-D942680D8B49}.Release|Any CPU.ActiveCfg = Release|Any CPU
		{450C2F5C-B42C-E381-371F-D942680D8B49}.Release|Any CPU.Build.0 = Release|Any CPU
		{B8C94F66-A76B-AADF-B0CF-3885ABDF3DCF}.Debug|Any CPU.ActiveCfg = Debug|Any CPU
		{B8C94F66-A76B-AADF-B0CF-3885ABDF3DCF}.Debug|Any CPU.Build.0 = Debug|Any CPU
		{B8C94F66-A76B-AADF-B0CF-3885ABDF3DCF}.Release|Any CPU.ActiveCfg = Release|Any CPU
		{B8C94F66-A76B-AADF-B0CF-3885ABDF3DCF}.Release|Any CPU.Build.0 = Release|Any CPU
		{63E5BA3D-5717-6B41-0FE3-0BFFD4BE3209}.Debug|Any CPU.ActiveCfg = Debug|Any CPU
		{63E5BA3D-5717-6B41-0FE3-0BFFD4BE3209}.Debug|Any CPU.Build.0 = Debug|Any CPU
		{63E5BA3D-5717-6B41-0FE3-0BFFD4BE3209}.Release|Any CPU.ActiveCfg = Release|Any CPU
		{63E5BA3D-5717-6B41-0FE3-0BFFD4BE3209}.Release|Any CPU.Build.0 = Release|Any CPU
		{08DA262E-C414-8ACD-6612-89843B9CD130}.Debug|Any CPU.ActiveCfg = Debug|Any CPU
		{08DA262E-C414-8ACD-6612-89843B9CD130}.Debug|Any CPU.Build.0 = Debug|Any CPU
		{08DA262E-C414-8ACD-6612-89843B9CD130}.Release|Any CPU.ActiveCfg = Release|Any CPU
		{08DA262E-C414-8ACD-6612-89843B9CD130}.Release|Any CPU.Build.0 = Release|Any CPU
		{619110DD-150C-83CF-DCE5-5DC364F895DB}.Debug|Any CPU.ActiveCfg = Debug|Any CPU
		{619110DD-150C-83CF-DCE5-5DC364F895DB}.Debug|Any CPU.Build.0 = Debug|Any CPU
		{619110DD-150C-83CF-DCE5-5DC364F895DB}.Release|Any CPU.ActiveCfg = Release|Any CPU
		{619110DD-150C-83CF-DCE5-5DC364F895DB}.Release|Any CPU.Build.0 = Release|Any CPU
		{80735769-75C2-8038-74C2-B2F2DCF58416}.Debug|Any CPU.ActiveCfg = Debug|Any CPU
		{80735769-75C2-8038-74C2-B2F2DCF58416}.Debug|Any CPU.Build.0 = Debug|Any CPU
		{80735769-75C2-8038-74C2-B2F2DCF58416}.Release|Any CPU.ActiveCfg = Release|Any CPU
		{80735769-75C2-8038-74C2-B2F2DCF58416}.Release|Any CPU.Build.0 = Release|Any CPU
		{9CF4B5C9-AE1F-4893-828F-D8672EB96149}.Debug|Any CPU.ActiveCfg = Debug|Any CPU
		{9CF4B5C9-AE1F-4893-828F-D8672EB96149}.Debug|Any CPU.Build.0 = Debug|Any CPU
		{9CF4B5C9-AE1F-4893-828F-D8672EB96149}.Release|Any CPU.ActiveCfg = Release|Any CPU
		{9CF4B5C9-AE1F-4893-828F-D8672EB96149}.Release|Any CPU.Build.0 = Release|Any CPU
		{605F3952-D0AD-8F1B-D502-083D211C9A31}.Debug|Any CPU.ActiveCfg = Debug|Any CPU
		{605F3952-D0AD-8F1B-D502-083D211C9A31}.Debug|Any CPU.Build.0 = Debug|Any CPU
		{605F3952-D0AD-8F1B-D502-083D211C9A31}.Release|Any CPU.ActiveCfg = Release|Any CPU
		{605F3952-D0AD-8F1B-D502-083D211C9A31}.Release|Any CPU.Build.0 = Release|Any CPU
		{AFF6EFAF-9D98-CC1D-290F-F6EA22242CA0}.Debug|Any CPU.ActiveCfg = Debug|Any CPU
		{AFF6EFAF-9D98-CC1D-290F-F6EA22242CA0}.Debug|Any CPU.Build.0 = Debug|Any CPU
		{AFF6EFAF-9D98-CC1D-290F-F6EA22242CA0}.Release|Any CPU.ActiveCfg = Release|Any CPU
		{AFF6EFAF-9D98-CC1D-290F-F6EA22242CA0}.Release|Any CPU.Build.0 = Release|Any CPU
		{59DAD659-9A73-C75A-CF7A-52B2327E8D14}.Debug|Any CPU.ActiveCfg = Debug|Any CPU
		{59DAD659-9A73-C75A-CF7A-52B2327E8D14}.Debug|Any CPU.Build.0 = Debug|Any CPU
		{59DAD659-9A73-C75A-CF7A-52B2327E8D14}.Release|Any CPU.ActiveCfg = Release|Any CPU
		{59DAD659-9A73-C75A-CF7A-52B2327E8D14}.Release|Any CPU.Build.0 = Release|Any CPU
		{C6421E8C-10C5-C4D5-C4C3-49E3BF1D30CF}.Debug|Any CPU.ActiveCfg = Debug|Any CPU
		{C6421E8C-10C5-C4D5-C4C3-49E3BF1D30CF}.Debug|Any CPU.Build.0 = Debug|Any CPU
		{C6421E8C-10C5-C4D5-C4C3-49E3BF1D30CF}.Release|Any CPU.ActiveCfg = Release|Any CPU
		{C6421E8C-10C5-C4D5-C4C3-49E3BF1D30CF}.Release|Any CPU.Build.0 = Release|Any CPU
		{E7560314-7C7A-AED7-0D01-71182B4ABDC7}.Debug|Any CPU.ActiveCfg = Debug|Any CPU
		{E7560314-7C7A-AED7-0D01-71182B4ABDC7}.Debug|Any CPU.Build.0 = Debug|Any CPU
		{E7560314-7C7A-AED7-0D01-71182B4ABDC7}.Release|Any CPU.ActiveCfg = Release|Any CPU
		{E7560314-7C7A-AED7-0D01-71182B4ABDC7}.Release|Any CPU.Build.0 = Release|Any CPU
		{BF0974F6-2592-7F00-301E-72A740204C96}.Debug|Any CPU.ActiveCfg = Debug|Any CPU
		{BF0974F6-2592-7F00-301E-72A740204C96}.Debug|Any CPU.Build.0 = Debug|Any CPU
		{BF0974F6-2592-7F00-301E-72A740204C96}.Release|Any CPU.ActiveCfg = Release|Any CPU
		{BF0974F6-2592-7F00-301E-72A740204C96}.Release|Any CPU.Build.0 = Release|Any CPU
		{57F9045C-0CF8-2C8E-980D-773D3649F495}.Debug|Any CPU.ActiveCfg = Debug|Any CPU
		{57F9045C-0CF8-2C8E-980D-773D3649F495}.Debug|Any CPU.Build.0 = Debug|Any CPU
		{57F9045C-0CF8-2C8E-980D-773D3649F495}.Release|Any CPU.ActiveCfg = Release|Any CPU
		{57F9045C-0CF8-2C8E-980D-773D3649F495}.Release|Any CPU.Build.0 = Release|Any CPU
		{A140C033-21FF-39C1-03C9-FE48EF391368}.Debug|Any CPU.ActiveCfg = Debug|Any CPU
		{A140C033-21FF-39C1-03C9-FE48EF391368}.Debug|Any CPU.Build.0 = Debug|Any CPU
		{A140C033-21FF-39C1-03C9-FE48EF391368}.Release|Any CPU.ActiveCfg = Release|Any CPU
		{A140C033-21FF-39C1-03C9-FE48EF391368}.Release|Any CPU.Build.0 = Release|Any CPU
		{E9F0E467-9215-5A55-CD14-0DBC049882DB}.Debug|Any CPU.ActiveCfg = Debug|Any CPU
		{E9F0E467-9215-5A55-CD14-0DBC049882DB}.Debug|Any CPU.Build.0 = Debug|Any CPU
		{E9F0E467-9215-5A55-CD14-0DBC049882DB}.Release|Any CPU.ActiveCfg = Release|Any CPU
		{E9F0E467-9215-5A55-CD14-0DBC049882DB}.Release|Any CPU.Build.0 = Release|Any CPU
		{D4741FAD-8C98-B5EE-E4AD-DBC923D0CCAC}.Debug|Any CPU.ActiveCfg = Debug|Any CPU
		{D4741FAD-8C98-B5EE-E4AD-DBC923D0CCAC}.Debug|Any CPU.Build.0 = Debug|Any CPU
		{D4741FAD-8C98-B5EE-E4AD-DBC923D0CCAC}.Release|Any CPU.ActiveCfg = Release|Any CPU
		{D4741FAD-8C98-B5EE-E4AD-DBC923D0CCAC}.Release|Any CPU.Build.0 = Release|Any CPU
		{40EB1B8B-5BA4-A5E4-BA58-704B408B3D30}.Debug|Any CPU.ActiveCfg = Debug|Any CPU
		{40EB1B8B-5BA4-A5E4-BA58-704B408B3D30}.Debug|Any CPU.Build.0 = Debug|Any CPU
		{40EB1B8B-5BA4-A5E4-BA58-704B408B3D30}.Release|Any CPU.ActiveCfg = Release|Any CPU
		{40EB1B8B-5BA4-A5E4-BA58-704B408B3D30}.Release|Any CPU.Build.0 = Release|Any CPU
		{FABD40A5-B027-D8A3-3623-E55E27CCA535}.Debug|Any CPU.ActiveCfg = Debug|Any CPU
		{FABD40A5-B027-D8A3-3623-E55E27CCA535}.Debug|Any CPU.Build.0 = Debug|Any CPU
		{FABD40A5-B027-D8A3-3623-E55E27CCA535}.Release|Any CPU.ActiveCfg = Release|Any CPU
		{FABD40A5-B027-D8A3-3623-E55E27CCA535}.Release|Any CPU.Build.0 = Release|Any CPU
		{F5430AD8-6014-7F8F-965F-6E2762C37E9D}.Debug|Any CPU.ActiveCfg = Debug|Any CPU
		{F5430AD8-6014-7F8F-965F-6E2762C37E9D}.Debug|Any CPU.Build.0 = Debug|Any CPU
		{F5430AD8-6014-7F8F-965F-6E2762C37E9D}.Release|Any CPU.ActiveCfg = Release|Any CPU
		{F5430AD8-6014-7F8F-965F-6E2762C37E9D}.Release|Any CPU.Build.0 = Release|Any CPU
		{E815FD01-EC6F-9DEB-3119-7495D772C038}.Debug|Any CPU.ActiveCfg = Debug|Any CPU
		{E815FD01-EC6F-9DEB-3119-7495D772C038}.Debug|Any CPU.Build.0 = Debug|Any CPU
		{E815FD01-EC6F-9DEB-3119-7495D772C038}.Release|Any CPU.ActiveCfg = Release|Any CPU
		{E815FD01-EC6F-9DEB-3119-7495D772C038}.Release|Any CPU.Build.0 = Release|Any CPU
		{4D6404CE-90EC-B234-16CF-2A118546A48C}.Debug|Any CPU.ActiveCfg = Debug|Any CPU
		{4D6404CE-90EC-B234-16CF-2A118546A48C}.Debug|Any CPU.Build.0 = Debug|Any CPU
		{4D6404CE-90EC-B234-16CF-2A118546A48C}.Release|Any CPU.ActiveCfg = Release|Any CPU
		{4D6404CE-90EC-B234-16CF-2A118546A48C}.Release|Any CPU.Build.0 = Release|Any CPU
		{871606B3-BB33-33BC-9BD0-98FF6031F9C5}.Debug|Any CPU.ActiveCfg = Debug|Any CPU
		{871606B3-BB33-33BC-9BD0-98FF6031F9C5}.Debug|Any CPU.Build.0 = Debug|Any CPU
		{871606B3-BB33-33BC-9BD0-98FF6031F9C5}.Release|Any CPU.ActiveCfg = Release|Any CPU
		{871606B3-BB33-33BC-9BD0-98FF6031F9C5}.Release|Any CPU.Build.0 = Release|Any CPU
		{87B5EBAF-E153-9F18-A699-75AE15771BC2}.Debug|Any CPU.ActiveCfg = Debug|Any CPU
		{87B5EBAF-E153-9F18-A699-75AE15771BC2}.Debug|Any CPU.Build.0 = Debug|Any CPU
		{87B5EBAF-E153-9F18-A699-75AE15771BC2}.Release|Any CPU.ActiveCfg = Release|Any CPU
		{87B5EBAF-E153-9F18-A699-75AE15771BC2}.Release|Any CPU.Build.0 = Release|Any CPU
		{1E11FEE6-6AF4-0658-0C3A-006DB5670424}.Debug|Any CPU.ActiveCfg = Debug|Any CPU
		{1E11FEE6-6AF4-0658-0C3A-006DB5670424}.Debug|Any CPU.Build.0 = Debug|Any CPU
		{1E11FEE6-6AF4-0658-0C3A-006DB5670424}.Release|Any CPU.ActiveCfg = Release|Any CPU
		{1E11FEE6-6AF4-0658-0C3A-006DB5670424}.Release|Any CPU.Build.0 = Release|Any CPU
		{293873E9-263A-84C8-9A47-F79367948BB0}.Debug|Any CPU.ActiveCfg = Debug|Any CPU
		{293873E9-263A-84C8-9A47-F79367948BB0}.Debug|Any CPU.Build.0 = Debug|Any CPU
		{293873E9-263A-84C8-9A47-F79367948BB0}.Release|Any CPU.ActiveCfg = Release|Any CPU
		{293873E9-263A-84C8-9A47-F79367948BB0}.Release|Any CPU.Build.0 = Release|Any CPU
		{BF7A9C86-0B94-A7A7-D1C0-CAB8FAAEE8C7}.Debug|Any CPU.ActiveCfg = Debug|Any CPU
		{BF7A9C86-0B94-A7A7-D1C0-CAB8FAAEE8C7}.Debug|Any CPU.Build.0 = Debug|Any CPU
		{BF7A9C86-0B94-A7A7-D1C0-CAB8FAAEE8C7}.Release|Any CPU.ActiveCfg = Release|Any CPU
		{BF7A9C86-0B94-A7A7-D1C0-CAB8FAAEE8C7}.Release|Any CPU.Build.0 = Release|Any CPU
		{23552DD4-4687-A713-AC61-CD63BA498E53}.Debug|Any CPU.ActiveCfg = Debug|Any CPU
		{23552DD4-4687-A713-AC61-CD63BA498E53}.Debug|Any CPU.Build.0 = Debug|Any CPU
		{23552DD4-4687-A713-AC61-CD63BA498E53}.Release|Any CPU.ActiveCfg = Release|Any CPU
		{23552DD4-4687-A713-AC61-CD63BA498E53}.Release|Any CPU.Build.0 = Release|Any CPU
		{36360CD0-8351-501D-CB94-91471749A7EB}.Debug|Any CPU.ActiveCfg = Debug|Any CPU
		{36360CD0-8351-501D-CB94-91471749A7EB}.Debug|Any CPU.Build.0 = Debug|Any CPU
		{36360CD0-8351-501D-CB94-91471749A7EB}.Release|Any CPU.ActiveCfg = Release|Any CPU
		{36360CD0-8351-501D-CB94-91471749A7EB}.Release|Any CPU.Build.0 = Release|Any CPU
		{F3B46293-6281-DE51-0E1F-3601A95B8EF0}.Debug|Any CPU.ActiveCfg = Debug|Any CPU
		{F3B46293-6281-DE51-0E1F-3601A95B8EF0}.Debug|Any CPU.Build.0 = Debug|Any CPU
		{F3B46293-6281-DE51-0E1F-3601A95B8EF0}.Release|Any CPU.ActiveCfg = Release|Any CPU
		{F3B46293-6281-DE51-0E1F-3601A95B8EF0}.Release|Any CPU.Build.0 = Release|Any CPU
		{33C3F3D5-9C91-23C4-716F-89E04ABD7032}.Debug|Any CPU.ActiveCfg = Debug|Any CPU
		{33C3F3D5-9C91-23C4-716F-89E04ABD7032}.Debug|Any CPU.Build.0 = Debug|Any CPU
		{33C3F3D5-9C91-23C4-716F-89E04ABD7032}.Release|Any CPU.ActiveCfg = Release|Any CPU
		{33C3F3D5-9C91-23C4-716F-89E04ABD7032}.Release|Any CPU.Build.0 = Release|Any CPU
		{498CFCDB-2ACC-8A73-70E3-CD15B71F621A}.Debug|Any CPU.ActiveCfg = Debug|Any CPU
		{498CFCDB-2ACC-8A73-70E3-CD15B71F621A}.Debug|Any CPU.Build.0 = Debug|Any CPU
		{498CFCDB-2ACC-8A73-70E3-CD15B71F621A}.Release|Any CPU.ActiveCfg = Release|Any CPU
		{498CFCDB-2ACC-8A73-70E3-CD15B71F621A}.Release|Any CPU.Build.0 = Release|Any CPU
		{5DC39CCC-662D-FE12-4FFE-DAC58D2C493B}.Debug|Any CPU.ActiveCfg = Debug|Any CPU
		{5DC39CCC-662D-FE12-4FFE-DAC58D2C493B}.Debug|Any CPU.Build.0 = Debug|Any CPU
		{5DC39CCC-662D-FE12-4FFE-DAC58D2C493B}.Release|Any CPU.ActiveCfg = Release|Any CPU
		{5DC39CCC-662D-FE12-4FFE-DAC58D2C493B}.Release|Any CPU.Build.0 = Release|Any CPU
		{CAD3D23A-02B7-3C28-10ED-6A205C6242E5}.Debug|Any CPU.ActiveCfg = Debug|Any CPU
		{CAD3D23A-02B7-3C28-10ED-6A205C6242E5}.Debug|Any CPU.Build.0 = Debug|Any CPU
		{CAD3D23A-02B7-3C28-10ED-6A205C6242E5}.Release|Any CPU.ActiveCfg = Release|Any CPU
		{CAD3D23A-02B7-3C28-10ED-6A205C6242E5}.Release|Any CPU.Build.0 = Release|Any CPU
		{7F1E92EF-1368-608F-51FB-78DF9496627D}.Debug|Any CPU.ActiveCfg = Debug|Any CPU
		{7F1E92EF-1368-608F-51FB-78DF9496627D}.Debug|Any CPU.Build.0 = Debug|Any CPU
		{7F1E92EF-1368-608F-51FB-78DF9496627D}.Release|Any CPU.ActiveCfg = Release|Any CPU
		{7F1E92EF-1368-608F-51FB-78DF9496627D}.Release|Any CPU.Build.0 = Release|Any CPU
		{A463CAAA-B4CB-A624-5B3D-0035739F7A87}.Debug|Any CPU.ActiveCfg = Debug|Any CPU
		{A463CAAA-B4CB-A624-5B3D-0035739F7A87}.Debug|Any CPU.Build.0 = Debug|Any CPU
		{A463CAAA-B4CB-A624-5B3D-0035739F7A87}.Release|Any CPU.ActiveCfg = Release|Any CPU
		{A463CAAA-B4CB-A624-5B3D-0035739F7A87}.Release|Any CPU.Build.0 = Release|Any CPU
		{F5DD438C-D6A4-8241-7CC8-14188C7B3919}.Debug|Any CPU.ActiveCfg = Debug|Any CPU
		{F5DD438C-D6A4-8241-7CC8-14188C7B3919}.Debug|Any CPU.Build.0 = Debug|Any CPU
		{F5DD438C-D6A4-8241-7CC8-14188C7B3919}.Release|Any CPU.ActiveCfg = Release|Any CPU
		{F5DD438C-D6A4-8241-7CC8-14188C7B3919}.Release|Any CPU.Build.0 = Release|Any CPU
		{12BC8B22-F1EB-9700-913B-C37F7DED969C}.Debug|Any CPU.ActiveCfg = Debug|Any CPU
		{12BC8B22-F1EB-9700-913B-C37F7DED969C}.Debug|Any CPU.Build.0 = Debug|Any CPU
		{12BC8B22-F1EB-9700-913B-C37F7DED969C}.Release|Any CPU.ActiveCfg = Release|Any CPU
		{12BC8B22-F1EB-9700-913B-C37F7DED969C}.Release|Any CPU.Build.0 = Release|Any CPU
		{CE50B7D1-03CF-68BE-1895-607D9B7C8E8B}.Debug|Any CPU.ActiveCfg = Debug|Any CPU
		{CE50B7D1-03CF-68BE-1895-607D9B7C8E8B}.Debug|Any CPU.Build.0 = Debug|Any CPU
		{CE50B7D1-03CF-68BE-1895-607D9B7C8E8B}.Release|Any CPU.ActiveCfg = Release|Any CPU
		{CE50B7D1-03CF-68BE-1895-607D9B7C8E8B}.Release|Any CPU.Build.0 = Release|Any CPU
		{6BEDC5BC-94E2-9A6A-107D-AE8A158A917D}.Debug|Any CPU.ActiveCfg = Debug|Any CPU
		{6BEDC5BC-94E2-9A6A-107D-AE8A158A917D}.Debug|Any CPU.Build.0 = Debug|Any CPU
		{6BEDC5BC-94E2-9A6A-107D-AE8A158A917D}.Release|Any CPU.ActiveCfg = Release|Any CPU
		{6BEDC5BC-94E2-9A6A-107D-AE8A158A917D}.Release|Any CPU.Build.0 = Release|Any CPU
		{AC0848CD-DFF4-6D44-719F-029177F10238}.Debug|Any CPU.ActiveCfg = Debug|Any CPU
		{AC0848CD-DFF4-6D44-719F-029177F10238}.Debug|Any CPU.Build.0 = Debug|Any CPU
		{AC0848CD-DFF4-6D44-719F-029177F10238}.Release|Any CPU.ActiveCfg = Release|Any CPU
		{AC0848CD-DFF4-6D44-719F-029177F10238}.Release|Any CPU.Build.0 = Release|Any CPU
		{303AC40D-97F7-9D73-A1E8-4C2C4B8FFBCA}.Debug|Any CPU.ActiveCfg = Debug|Any CPU
		{303AC40D-97F7-9D73-A1E8-4C2C4B8FFBCA}.Debug|Any CPU.Build.0 = Debug|Any CPU
		{303AC40D-97F7-9D73-A1E8-4C2C4B8FFBCA}.Release|Any CPU.ActiveCfg = Release|Any CPU
		{303AC40D-97F7-9D73-A1E8-4C2C4B8FFBCA}.Release|Any CPU.Build.0 = Release|Any CPU
		{5DBC89B9-4A19-78FE-2BFC-3D6ACBB12E0E}.Debug|Any CPU.ActiveCfg = Debug|Any CPU
		{5DBC89B9-4A19-78FE-2BFC-3D6ACBB12E0E}.Debug|Any CPU.Build.0 = Debug|Any CPU
		{5DBC89B9-4A19-78FE-2BFC-3D6ACBB12E0E}.Release|Any CPU.ActiveCfg = Release|Any CPU
		{5DBC89B9-4A19-78FE-2BFC-3D6ACBB12E0E}.Release|Any CPU.Build.0 = Release|Any CPU
		{720C848B-E576-277C-EE9C-38489D74B1C3}.Debug|Any CPU.ActiveCfg = Debug|Any CPU
		{720C848B-E576-277C-EE9C-38489D74B1C3}.Debug|Any CPU.Build.0 = Debug|Any CPU
		{720C848B-E576-277C-EE9C-38489D74B1C3}.Release|Any CPU.ActiveCfg = Release|Any CPU
		{720C848B-E576-277C-EE9C-38489D74B1C3}.Release|Any CPU.Build.0 = Release|Any CPU
	EndGlobalSection
	GlobalSection(SolutionProperties) = preSolution
		HideSolutionNode = FALSE
	EndGlobalSection
EndGlobal
